
Microsoft Visual Studio Solution File, Format Version 12.00
# Visual Studio Version 17
VisualStudioVersion = 17.0.31903.59
MinimumVisualStudioVersion = 10.0.40219.1
Project("{2150E333-8FDC-42A3-9474-1A3956D46DE8}") = "src", "src", "{A1E2E6A0-C770-4B5B-8E94-F0C3E172EDAD}"
EndProject
Project("{2150E333-8FDC-42A3-9474-1A3956D46DE8}") = "backend", "backend", "{B2E2E6A0-C770-4B5B-8E94-F0C3E172EDAD}"
EndProject
Project("{2150E333-8FDC-42A3-9474-1A3956D46DE8}") = "frontend", "frontend", "{C3E2E6A0-C770-4B5B-8E94-F0C3E172EDAD}"
EndProject
Project("{2150E333-8FDC-42A3-9474-1A3956D46DE8}") = "shared", "shared", "{D3E2E6A0-C770-4B5B-8E94-F0C3E172EDAD}"
EndProject
Project("{2150E333-8FDC-42A3-9474-1A3956D46DE8}") = "tests", "tests", "{E4E2E6A0-C770-4B5B-8E94-F0C3E172EDAD}"
EndProject
Project("{FAE04EC0-301F-11D3-BF4B-00C04F79EFBC}") = "Ojala.Api", "src\backend\Ojala.Api\Ojala.Api.csproj", "{A32717C1-2286-4983-8B6A-C82EDEEEFF73}"
EndProject
Project("{FAE04EC0-301F-11D3-BF4B-00C04F79EFBC}") = "Ojala.ApiGateway", "src\backend\Ojala.ApiGateway\Ojala.ApiGateway.csproj", "{47042367-FF4B-4BCA-8BAE-22F5C777CF83}"
EndProject
Project("{FAE04EC0-301F-11D3-BF4B-00C04F79EFBC}") = "Ojala.Services", "src\backend\Ojala.Services\Ojala.Services.csproj", "{1DD2793F-573A-45A0-964E-E4CC9B02EE47}"
EndProject
Project("{FAE04EC0-301F-11D3-BF4B-00C04F79EFBC}") = "Ojala.Identity", "src\backend\Ojala.Identity\Ojala.Identity.csproj", "{EDB81D9F-9418-4482-8ABC-5F9C96C662BE}"
EndProject
Project("{FAE04EC0-301F-11D3-BF4B-00C04F79EFBC}") = "Ojala.Data", "src\backend\Ojala.Data\Ojala.Data.csproj", "{5AD7B620-41A2-48D1-BE2C-AD9CAFC29A4B}"
EndProject
Project("{FAE04EC0-301F-11D3-BF4B-00C04F79EFBC}") = "Ojala.Common", "src\shared\Ojala.Common\Ojala.Common.csproj", "{03A8A19A-F6B7-4CAB-8D24-E782CAA50AFD}"
EndProject
Project("{FAE04EC0-301F-11D3-BF4B-00C04F79EFBC}") = "Ojala.Contracts", "src\shared\Ojala.Contracts\Ojala.Contracts.csproj", "{4C45BE8A-C65B-4B6C-B121-733457543C50}"
EndProject
Project("{FAE04EC0-301F-11D3-BF4B-00C04F79EFBC}") = "Ojala.Tests.Unit", "tests\Ojala.Tests.Unit\Ojala.Tests.Unit.csproj", "{FD88EE4A-CE60-4DE2-B5C0-8641E0DE24BB}"
EndProject
Project("{FAE04EC0-301F-11D3-BF4B-00C04F79EFBC}") = "Ojala.Tests.Integration", "tests\Ojala.Tests.Integration\Ojala.Tests.Integration.csproj", "{1E6A5AC1-64A6-4C97-8095-D80901F90D12}"
EndProject
Project("{FAE04EC0-301F-11D3-BF4B-00C04F79EFBC}") = "Ojala.HealthScore", "src\backend\Ojala.HealthScore\Ojala.HealthScore.csproj", "{19BD4E8B-EA84-4E30-95A0-87A811467F6D}"
EndProject
Global
	GlobalSection(SolutionConfigurationPlatforms) = preSolution
		Debug|Any CPU = Debug|Any CPU
		Debug|x64 = Debug|x64
		Debug|x86 = Debug|x86
		Release|Any CPU = Release|Any CPU
		Release|x64 = Release|x64
		Release|x86 = Release|x86
	EndGlobalSection
	GlobalSection(ProjectConfigurationPlatforms) = postSolution
		{A32717C1-2286-4983-8B6A-C82EDEEEFF73}.Debug|Any CPU.ActiveCfg = Debug|Any CPU
		{A32717C1-2286-4983-8B6A-C82EDEEEFF73}.Debug|Any CPU.Build.0 = Debug|Any CPU
		{A32717C1-2286-4983-8B6A-C82EDEEEFF73}.Debug|x64.ActiveCfg = Debug|Any CPU
		{A32717C1-2286-4983-8B6A-C82EDEEEFF73}.Debug|x64.Build.0 = Debug|Any CPU
		{A32717C1-2286-4983-8B6A-C82EDEEEFF73}.Debug|x86.ActiveCfg = Debug|Any CPU
		{A32717C1-2286-4983-8B6A-C82EDEEEFF73}.Debug|x86.Build.0 = Debug|Any CPU
		{A32717C1-2286-4983-8B6A-C82EDEEEFF73}.Release|Any CPU.ActiveCfg = Release|Any CPU
		{A32717C1-2286-4983-8B6A-C82EDEEEFF73}.Release|Any CPU.Build.0 = Release|Any CPU
		{A32717C1-2286-4983-8B6A-C82EDEEEFF73}.Release|x64.ActiveCfg = Release|Any CPU
		{A32717C1-2286-4983-8B6A-C82EDEEEFF73}.Release|x64.Build.0 = Release|Any CPU
		{A32717C1-2286-4983-8B6A-C82EDEEEFF73}.Release|x86.ActiveCfg = Release|Any CPU
		{A32717C1-2286-4983-8B6A-C82EDEEEFF73}.Release|x86.Build.0 = Release|Any CPU
		{47042367-FF4B-4BCA-8BAE-22F5C777CF83}.Debug|Any CPU.ActiveCfg = Debug|Any CPU
		{47042367-FF4B-4BCA-8BAE-22F5C777CF83}.Debug|Any CPU.Build.0 = Debug|Any CPU
		{47042367-FF4B-4BCA-8BAE-22F5C777CF83}.Debug|x64.ActiveCfg = Debug|Any CPU
		{47042367-FF4B-4BCA-8BAE-22F5C777CF83}.Debug|x64.Build.0 = Debug|Any CPU
		{47042367-FF4B-4BCA-8BAE-22F5C777CF83}.Debug|x86.ActiveCfg = Debug|Any CPU
		{47042367-FF4B-4BCA-8BAE-22F5C777CF83}.Debug|x86.Build.0 = Debug|Any CPU
		{47042367-FF4B-4BCA-8BAE-22F5C777CF83}.Release|Any CPU.ActiveCfg = Release|Any CPU
		{47042367-FF4B-4BCA-8BAE-22F5C777CF83}.Release|Any CPU.Build.0 = Release|Any CPU
		{47042367-FF4B-4BCA-8BAE-22F5C777CF83}.Release|x64.ActiveCfg = Release|Any CPU
		{47042367-FF4B-4BCA-8BAE-22F5C777CF83}.Release|x64.Build.0 = Release|Any CPU
		{47042367-FF4B-4BCA-8BAE-22F5C777CF83}.Release|x86.ActiveCfg = Release|Any CPU
		{47042367-FF4B-4BCA-8BAE-22F5C777CF83}.Release|x86.Build.0 = Release|Any CPU
		{1DD2793F-573A-45A0-964E-E4CC9B02EE47}.Debug|Any CPU.ActiveCfg = Debug|Any CPU
		{1DD2793F-573A-45A0-964E-E4CC9B02EE47}.Debug|Any CPU.Build.0 = Debug|Any CPU
		{1DD2793F-573A-45A0-964E-E4CC9B02EE47}.Debug|x64.ActiveCfg = Debug|Any CPU
		{1DD2793F-573A-45A0-964E-E4CC9B02EE47}.Debug|x64.Build.0 = Debug|Any CPU
		{1DD2793F-573A-45A0-964E-E4CC9B02EE47}.Debug|x86.ActiveCfg = Debug|Any CPU
		{1DD2793F-573A-45A0-964E-E4CC9B02EE47}.Debug|x86.Build.0 = Debug|Any CPU
		{1DD2793F-573A-45A0-964E-E4CC9B02EE47}.Release|Any CPU.ActiveCfg = Release|Any CPU
		{1DD2793F-573A-45A0-964E-E4CC9B02EE47}.Release|Any CPU.Build.0 = Release|Any CPU
		{1DD2793F-573A-45A0-964E-E4CC9B02EE47}.Release|x64.ActiveCfg = Release|Any CPU
		{1DD2793F-573A-45A0-964E-E4CC9B02EE47}.Release|x64.Build.0 = Release|Any CPU
		{1DD2793F-573A-45A0-964E-E4CC9B02EE47}.Release|x86.ActiveCfg = Release|Any CPU
		{1DD2793F-573A-45A0-964E-E4CC9B02EE47}.Release|x86.Build.0 = Release|Any CPU
		{EDB81D9F-9418-4482-8ABC-5F9C96C662BE}.Debug|Any CPU.ActiveCfg = Debug|Any CPU
		{EDB81D9F-9418-4482-8ABC-5F9C96C662BE}.Debug|Any CPU.Build.0 = Debug|Any CPU
		{EDB81D9F-9418-4482-8ABC-5F9C96C662BE}.Debug|x64.ActiveCfg = Debug|Any CPU
		{EDB81D9F-9418-4482-8ABC-5F9C96C662BE}.Debug|x64.Build.0 = Debug|Any CPU
		{EDB81D9F-9418-4482-8ABC-5F9C96C662BE}.Debug|x86.ActiveCfg = Debug|Any CPU
		{EDB81D9F-9418-4482-8ABC-5F9C96C662BE}.Debug|x86.Build.0 = Debug|Any CPU
		{EDB81D9F-9418-4482-8ABC-5F9C96C662BE}.Release|Any CPU.ActiveCfg = Release|Any CPU
		{EDB81D9F-9418-4482-8ABC-5F9C96C662BE}.Release|Any CPU.Build.0 = Release|Any CPU
		{EDB81D9F-9418-4482-8ABC-5F9C96C662BE}.Release|x64.ActiveCfg = Release|Any CPU
		{EDB81D9F-9418-4482-8ABC-5F9C96C662BE}.Release|x64.Build.0 = Release|Any CPU
		{EDB81D9F-9418-4482-8ABC-5F9C96C662BE}.Release|x86.ActiveCfg = Release|Any CPU
		{EDB81D9F-9418-4482-8ABC-5F9C96C662BE}.Release|x86.Build.0 = Release|Any CPU
		{5AD7B620-41A2-48D1-BE2C-AD9CAFC29A4B}.Debug|Any CPU.ActiveCfg = Debug|Any CPU
		{5AD7B620-41A2-48D1-BE2C-AD9CAFC29A4B}.Debug|Any CPU.Build.0 = Debug|Any CPU
		{5AD7B620-41A2-48D1-BE2C-AD9CAFC29A4B}.Debug|x64.ActiveCfg = Debug|Any CPU
		{5AD7B620-41A2-48D1-BE2C-AD9CAFC29A4B}.Debug|x64.Build.0 = Debug|Any CPU
		{5AD7B620-41A2-48D1-BE2C-AD9CAFC29A4B}.Debug|x86.ActiveCfg = Debug|Any CPU
		{5AD7B620-41A2-48D1-BE2C-AD9CAFC29A4B}.Debug|x86.Build.0 = Debug|Any CPU
		{5AD7B620-41A2-48D1-BE2C-AD9CAFC29A4B}.Release|Any CPU.ActiveCfg = Release|Any CPU
		{5AD7B620-41A2-48D1-BE2C-AD9CAFC29A4B}.Release|Any CPU.Build.0 = Release|Any CPU
		{5AD7B620-41A2-48D1-BE2C-AD9CAFC29A4B}.Release|x64.ActiveCfg = Release|Any CPU
		{5AD7B620-41A2-48D1-BE2C-AD9CAFC29A4B}.Release|x64.Build.0 = Release|Any CPU
		{5AD7B620-41A2-48D1-BE2C-AD9CAFC29A4B}.Release|x86.ActiveCfg = Release|Any CPU
		{5AD7B620-41A2-48D1-BE2C-AD9CAFC29A4B}.Release|x86.Build.0 = Release|Any CPU
		{03A8A19A-F6B7-4CAB-8D24-E782CAA50AFD}.Debug|Any CPU.ActiveCfg = Debug|Any CPU
		{03A8A19A-F6B7-4CAB-8D24-E782CAA50AFD}.Debug|Any CPU.Build.0 = Debug|Any CPU
		{03A8A19A-F6B7-4CAB-8D24-E782CAA50AFD}.Debug|x64.ActiveCfg = Debug|Any CPU
		{03A8A19A-F6B7-4CAB-8D24-E782CAA50AFD}.Debug|x64.Build.0 = Debug|Any CPU
		{03A8A19A-F6B7-4CAB-8D24-E782CAA50AFD}.Debug|x86.ActiveCfg = Debug|Any CPU
		{03A8A19A-F6B7-4CAB-8D24-E782CAA50AFD}.Debug|x86.Build.0 = Debug|Any CPU
		{03A8A19A-F6B7-4CAB-8D24-E782CAA50AFD}.Release|Any CPU.ActiveCfg = Release|Any CPU
		{03A8A19A-F6B7-4CAB-8D24-E782CAA50AFD}.Release|Any CPU.Build.0 = Release|Any CPU
		{03A8A19A-F6B7-4CAB-8D24-E782CAA50AFD}.Release|x64.ActiveCfg = Release|Any CPU
		{03A8A19A-F6B7-4CAB-8D24-E782CAA50AFD}.Release|x64.Build.0 = Release|Any CPU
		{03A8A19A-F6B7-4CAB-8D24-E782CAA50AFD}.Release|x86.ActiveCfg = Release|Any CPU
		{03A8A19A-F6B7-4CAB-8D24-E782CAA50AFD}.Release|x86.Build.0 = Release|Any CPU
		{4C45BE8A-C65B-4B6C-B121-733457543C50}.Debug|Any CPU.ActiveCfg = Debug|Any CPU
		{4C45BE8A-C65B-4B6C-B121-733457543C50}.Debug|Any CPU.Build.0 = Debug|Any CPU
		{4C45BE8A-C65B-4B6C-B121-733457543C50}.Debug|x64.ActiveCfg = Debug|Any CPU
		{4C45BE8A-C65B-4B6C-B121-733457543C50}.Debug|x64.Build.0 = Debug|Any CPU
		{4C45BE8A-C65B-4B6C-B121-733457543C50}.Debug|x86.ActiveCfg = Debug|Any CPU
		{4C45BE8A-C65B-4B6C-B121-733457543C50}.Debug|x86.Build.0 = Debug|Any CPU
		{4C45BE8A-C65B-4B6C-B121-733457543C50}.Release|Any CPU.ActiveCfg = Release|Any CPU
		{4C45BE8A-C65B-4B6C-B121-733457543C50}.Release|Any CPU.Build.0 = Release|Any CPU
		{4C45BE8A-C65B-4B6C-B121-733457543C50}.Release|x64.ActiveCfg = Release|Any CPU
		{4C45BE8A-C65B-4B6C-B121-733457543C50}.Release|x64.Build.0 = Release|Any CPU
		{4C45BE8A-C65B-4B6C-B121-733457543C50}.Release|x86.ActiveCfg = Release|Any CPU
		{4C45BE8A-C65B-4B6C-B121-733457543C50}.Release|x86.Build.0 = Release|Any CPU
		{FD88EE4A-CE60-4DE2-B5C0-8641E0DE24BB}.Debug|Any CPU.ActiveCfg = Debug|Any CPU
		{FD88EE4A-CE60-4DE2-B5C0-8641E0DE24BB}.Debug|Any CPU.Build.0 = Debug|Any CPU
		{FD88EE4A-CE60-4DE2-B5C0-8641E0DE24BB}.Debug|x64.ActiveCfg = Debug|Any CPU
		{FD88EE4A-CE60-4DE2-B5C0-8641E0DE24BB}.Debug|x64.Build.0 = Debug|Any CPU
		{FD88EE4A-CE60-4DE2-B5C0-8641E0DE24BB}.Debug|x86.ActiveCfg = Debug|Any CPU
		{FD88EE4A-CE60-4DE2-B5C0-8641E0DE24BB}.Debug|x86.Build.0 = Debug|Any CPU
		{FD88EE4A-CE60-4DE2-B5C0-8641E0DE24BB}.Release|Any CPU.ActiveCfg = Release|Any CPU
		{FD88EE4A-CE60-4DE2-B5C0-8641E0DE24BB}.Release|Any CPU.Build.0 = Release|Any CPU
		{FD88EE4A-CE60-4DE2-B5C0-8641E0DE24BB}.Release|x64.ActiveCfg = Release|Any CPU
		{FD88EE4A-CE60-4DE2-B5C0-8641E0DE24BB}.Release|x64.Build.0 = Release|Any CPU
		{FD88EE4A-CE60-4DE2-B5C0-8641E0DE24BB}.Release|x86.ActiveCfg = Release|Any CPU
		{FD88EE4A-CE60-4DE2-B5C0-8641E0DE24BB}.Release|x86.Build.0 = Release|Any CPU
		{1E6A5AC1-64A6-4C97-8095-D80901F90D12}.Debug|Any CPU.ActiveCfg = Debug|Any CPU
		{1E6A5AC1-64A6-4C97-8095-D80901F90D12}.Debug|Any CPU.Build.0 = Debug|Any CPU
		{1E6A5AC1-64A6-4C97-8095-D80901F90D12}.Debug|x64.ActiveCfg = Debug|Any CPU
		{1E6A5AC1-64A6-4C97-8095-D80901F90D12}.Debug|x64.Build.0 = Debug|Any CPU
		{1E6A5AC1-64A6-4C97-8095-D80901F90D12}.Debug|x86.ActiveCfg = Debug|Any CPU
		{1E6A5AC1-64A6-4C97-8095-D80901F90D12}.Debug|x86.Build.0 = Debug|Any CPU
		{1E6A5AC1-64A6-4C97-8095-D80901F90D12}.Release|Any CPU.ActiveCfg = Release|Any CPU
		{1E6A5AC1-64A6-4C97-8095-D80901F90D12}.Release|Any CPU.Build.0 = Release|Any CPU
		{1E6A5AC1-64A6-4C97-8095-D80901F90D12}.Release|x64.ActiveCfg = Release|Any CPU
		{1E6A5AC1-64A6-4C97-8095-D80901F90D12}.Release|x64.Build.0 = Release|Any CPU
		{1E6A5AC1-64A6-4C97-8095-D80901F90D12}.Release|x86.ActiveCfg = Release|Any CPU
		{1E6A5AC1-64A6-4C97-8095-D80901F90D12}.Release|x86.Build.0 = Release|Any CPU
		{19BD4E8B-EA84-4E30-95A0-87A811467F6D}.Debug|Any CPU.ActiveCfg = Debug|Any CPU
		{19BD4E8B-EA84-4E30-95A0-87A811467F6D}.Debug|Any CPU.Build.0 = Debug|Any CPU
		{19BD4E8B-EA84-4E30-95A0-87A811467F6D}.Debug|x64.ActiveCfg = Debug|Any CPU
		{19BD4E8B-EA84-4E30-95A0-87A811467F6D}.Debug|x64.Build.0 = Debug|Any CPU
		{19BD4E8B-EA84-4E30-95A0-87A811467F6D}.Debug|x86.ActiveCfg = Debug|Any CPU
		{19BD4E8B-EA84-4E30-95A0-87A811467F6D}.Debug|x86.Build.0 = Debug|Any CPU
		{19BD4E8B-EA84-4E30-95A0-87A811467F6D}.Release|Any CPU.ActiveCfg = Release|Any CPU
		{19BD4E8B-EA84-4E30-95A0-87A811467F6D}.Release|Any CPU.Build.0 = Release|Any CPU
		{19BD4E8B-EA84-4E30-95A0-87A811467F6D}.Release|x64.ActiveCfg = Release|Any CPU
		{19BD4E8B-EA84-4E30-95A0-87A811467F6D}.Release|x64.Build.0 = Release|Any CPU
		{19BD4E8B-EA84-4E30-95A0-87A811467F6D}.Release|x86.ActiveCfg = Release|Any CPU
		{19BD4E8B-EA84-4E30-95A0-87A811467F6D}.Release|x86.Build.0 = Release|Any CPU
	EndGlobalSection
	GlobalSection(SolutionProperties) = preSolution
		HideSolutionNode = FALSE
	EndGlobalSection
	GlobalSection(NestedProjects) = preSolution
		{B2E2E6A0-C770-4B5B-8E94-F0C3E172EDAD} = {A1E2E6A0-C770-4B5B-8E94-F0C3E172EDAD}
		{C3E2E6A0-C770-4B5B-8E94-F0C3E172EDAD} = {A1E2E6A0-C770-4B5B-8E94-F0C3E172EDAD}
		{D3E2E6A0-C770-4B5B-8E94-F0C3E172EDAD} = {A1E2E6A0-C770-4B5B-8E94-F0C3E172EDAD}
		{19BD4E8B-EA84-4E30-95A0-87A811467F6D} = {B2E2E6A0-C770-4B5B-8E94-F0C3E172EDAD}
	EndGlobalSection
	GlobalSection(ExtensibilityGlobals) = postSolution
		SolutionGuid = {FCEE748A-B6C4-4F4B-9EAF-9A301E8806DF}
	EndGlobalSection
EndGlobal
